
Microsoft Visual Studio Solution File, Format Version 12.00
# Visual Studio Version 16
VisualStudioVersion = 16.0.30523.141
MinimumVisualStudioVersion = 10.0.40219.1
Project("{FAE04EC0-301F-11D3-BF4B-00C04F79EFBC}") = "SRPDemo", "SRPDemo\SRPDemo.csproj", "{7872EB0F-6BCC-41F4-BF51-E8789843D244}"
EndProject
Global
	GlobalSection(SolutionConfigurationPlatforms) = preSolution
		Debug|Any CPU = Debug|Any CPU
		Release|Any CPU = Release|Any CPU
	EndGlobalSection
	GlobalSection(ProjectConfigurationPlatforms) = postSolution
		{7872EB0F-6BCC-41F4-BF51-E8789843D244}.Debug|Any CPU.ActiveCfg = Debug|Any CPU
		{7872EB0F-6BCC-41F4-BF51-E8789843D244}.Debug|Any CPU.Build.0 = Debug|Any CPU
		{7872EB0F-6BCC-41F4-BF51-E8789843D244}.Release|Any CPU.ActiveCfg = Release|Any CPU
		{7872EB0F-6BCC-41F4-BF51-E8789843D244}.Release|Any CPU.Build.0 = Release|Any CPU
	EndGlobalSection
	GlobalSection(SolutionProperties) = preSolution
		HideSolutionNode = FALSE
	EndGlobalSection
	GlobalSection(ExtensibilityGlobals) = postSolution
		SolutionGuid = {2A86A405-5359-4722-AE2C-B21C87DD94C2}
	EndGlobalSection
EndGlobal
